
Microsoft Visual Studio Solution File, Format Version 12.00
# Visual Studio Version 17
VisualStudioVersion = 17.4.33213.308
MinimumVisualStudioVersion = 10.0.40219.1
Project("{FAE04EC0-301F-11D3-BF4B-00C04F79EFBC}") = "DesignPatterns", "DesignPatterns\DesignPatterns.csproj", "{6705FFF4-73EA-49E7-9832-5F0B42AA997B}"
EndProject
Global
	GlobalSection(SolutionConfigurationPlatforms) = preSolution
		Debug|Any CPU = Debug|Any CPU
		Release|Any CPU = Release|Any CPU
	EndGlobalSection
	GlobalSection(ProjectConfigurationPlatforms) = postSolution
		{6705FFF4-73EA-49E7-9832-5F0B42AA997B}.Debug|Any CPU.ActiveCfg = Debug|Any CPU
		{6705FFF4-73EA-49E7-9832-5F0B42AA997B}.Debug|Any CPU.Build.0 = Debug|Any CPU
		{6705FFF4-73EA-49E7-9832-5F0B42AA997B}.Release|Any CPU.ActiveCfg = Release|Any CPU
		{6705FFF4-73EA-49E7-9832-5F0B42AA997B}.Release|Any CPU.Build.0 = Release|Any CPU
	EndGlobalSection
	GlobalSection(SolutionProperties) = preSolution
		HideSolutionNode = FALSE
	EndGlobalSection
	GlobalSection(ExtensibilityGlobals) = postSolution
		SolutionGuid = {2AA9CB73-A950-4960-8275-FF8047E5E345}
	EndGlobalSection
EndGlobal
